{
  "name": "portal-api-lambda",
  "lockfileVersion": 3,
  "requires": true,
  "packages": {
    "": {
      "name": "portal-api-lambda",
      "dependencies": {
        "@vendia/serverless-express": "^4.12.6"
      }
    },
    "node_modules/@codegenie/serverless-express": {
      "version": "4.17.1",
      "resolved": "https://registry.npmjs.org/@codegenie/serverless-express/-/serverless-express-4.17.1.tgz",
      "integrity": "sha512-B/4RRtVK2iAp5ho+qoUFxUeMaWCgSP+hNrdLJV3DWKZ1E9n9oLKdsJ6W9LQekZsD8rGD15hDadIKWKKw5i3f3A==",
      "license": "Apache-2.0",
      "engines": {
        "node": ">=18"
      }
    },
    "node_modules/@vendia/serverless-express": {
      "version": "4.12.6",
      "resolved": "https://registry.npmjs.org/@vendia/serverless-express/-/serverless-express-4.12.6.tgz",
      "integrity": "sha512-ePsIPk3VQwgm5nh/JGBtTKQs5ZOF7REjHxC+PKk/CHvhlKQkJuUU365uPOlxuLJhC+BAefDznDRReWxpnKjmYg==",
      "license": "Apache-2.0",
      "dependencies": {
        "@codegenie/serverless-express": "^4.12.5"
      },
      "engines": {
        "node": ">=12"
      }
    }
  }
}
